{
  "pins" : [
    {
      "identity" : "smartbeeanalyticsios",
      "kind" : "remoteSourceControl",
      "location" : "https://github.com/elem577/SmartBeeAnalyticsiOS.git",
      "state" : {
        "branch" : "main",
        "revision" : "9fbb3f9bd43330bfab66fed177689593cb8e2dab"
      }
    }
  ],
  "version" : 2
}
